
Microsoft Visual Studio Solution File, Format Version 12.00
# Visual Studio Version 16
VisualStudioVersion = 16.0.30717.126
MinimumVisualStudioVersion = 10.0.40219.1
Project("{FAE04EC0-301F-11D3-BF4B-00C04F79EFBC}") = "Weather", "Weather\Weather.csproj", "{A23BC2F0-91BC-467C-8422-B3D9B2BD18AD}"
EndProject
Global
	GlobalSection(SolutionConfigurationPlatforms) = preSolution
		Debug|Any CPU = Debug|Any CPU
		Release|Any CPU = Release|Any CPU
	EndGlobalSection
	GlobalSection(ProjectConfigurationPlatforms) = postSolution
		{A23BC2F0-91BC-467C-8422-B3D9B2BD18AD}.Debug|Any CPU.ActiveCfg = Debug|Any CPU
		{A23BC2F0-91BC-467C-8422-B3D9B2BD18AD}.Debug|Any CPU.Build.0 = Debug|Any CPU
		{A23BC2F0-91BC-467C-8422-B3D9B2BD18AD}.Release|Any CPU.ActiveCfg = Release|Any CPU
		{A23BC2F0-91BC-467C-8422-B3D9B2BD18AD}.Release|Any CPU.Build.0 = Release|Any CPU
	EndGlobalSection
	GlobalSection(SolutionProperties) = preSolution
		HideSolutionNode = FALSE
	EndGlobalSection
	GlobalSection(ExtensibilityGlobals) = postSolution
		SolutionGuid = {254FA6AA-C10B-4DF3-A363-1510753A4229}
	EndGlobalSection
EndGlobal
